
Microsoft Visual Studio Solution File, Format Version 12.00
# Visual Studio Version 17
VisualStudioVersion = 17.14.36414.22
MinimumVisualStudioVersion = 10.0.40219.1
Project("{FAE04EC0-301F-11D3-BF4B-00C04F79EFBC}") = "Domain", "Domain\Domain.csproj", "{D3322AB6-1078-485B-A075-458D832D4E27}"
EndProject
Project("{FAE04EC0-301F-11D3-BF4B-00C04F79EFBC}") = "Application", "Application\Application.csproj", "{9B700606-B4BA-4F0F-98FE-16DADAD29C74}"
EndProject
Project("{FAE04EC0-301F-11D3-BF4B-00C04F79EFBC}") = "Infrastructure", "Infrastructure\Infrastructure.csproj", "{75DCBC5D-1CA7-41C6-A336-7AF6019CC4EE}"
EndProject
Project("{FAE04EC0-301F-11D3-BF4B-00C04F79EFBC}") = "Api", "Api\Api.csproj", "{8051B4C0-B589-4A5D-BA09-6C29363FABBF}"
EndProject
Project("{2150E333-8FDC-42A3-9474-1A3956D46DE8}") = "Solution Items", "Solution Items", "{8EC462FD-D22E-90A8-E5CE-7E832BA40C5D}"
	ProjectSection(SolutionItems) = preProject
		Dockerfile = Dockerfile
		localhostConfigString.txt = localhostConfigString.txt
	EndProjectSection
EndProject
Global
	GlobalSection(SolutionConfigurationPlatforms) = preSolution
		Debug|Any CPU = Debug|Any CPU
		Release|Any CPU = Release|Any CPU
	EndGlobalSection
	GlobalSection(ProjectConfigurationPlatforms) = postSolution
		{D3322AB6-1078-485B-A075-458D832D4E27}.Debug|Any CPU.ActiveCfg = Debug|Any CPU
		{D3322AB6-1078-485B-A075-458D832D4E27}.Debug|Any CPU.Build.0 = Debug|Any CPU
		{D3322AB6-1078-485B-A075-458D832D4E27}.Release|Any CPU.ActiveCfg = Release|Any CPU
		{D3322AB6-1078-485B-A075-458D832D4E27}.Release|Any CPU.Build.0 = Release|Any CPU
		{9B700606-B4BA-4F0F-98FE-16DADAD29C74}.Debug|Any CPU.ActiveCfg = Debug|Any CPU
		{9B700606-B4BA-4F0F-98FE-16DADAD29C74}.Debug|Any CPU.Build.0 = Debug|Any CPU
		{9B700606-B4BA-4F0F-98FE-16DADAD29C74}.Release|Any CPU.ActiveCfg = Release|Any CPU
		{9B700606-B4BA-4F0F-98FE-16DADAD29C74}.Release|Any CPU.Build.0 = Release|Any CPU
		{75DCBC5D-1CA7-41C6-A336-7AF6019CC4EE}.Debug|Any CPU.ActiveCfg = Debug|Any CPU
		{75DCBC5D-1CA7-41C6-A336-7AF6019CC4EE}.Debug|Any CPU.Build.0 = Debug|Any CPU
		{75DCBC5D-1CA7-41C6-A336-7AF6019CC4EE}.Release|Any CPU.ActiveCfg = Release|Any CPU
		{75DCBC5D-1CA7-41C6-A336-7AF6019CC4EE}.Release|Any CPU.Build.0 = Release|Any CPU
		{8051B4C0-B589-4A5D-BA09-6C29363FABBF}.Debug|Any CPU.ActiveCfg = Debug|Any CPU
		{8051B4C0-B589-4A5D-BA09-6C29363FABBF}.Debug|Any CPU.Build.0 = Debug|Any CPU
		{8051B4C0-B589-4A5D-BA09-6C29363FABBF}.Release|Any CPU.ActiveCfg = Release|Any CPU
		{8051B4C0-B589-4A5D-BA09-6C29363FABBF}.Release|Any CPU.Build.0 = Release|Any CPU
	EndGlobalSection
	GlobalSection(SolutionProperties) = preSolution
		HideSolutionNode = FALSE
	EndGlobalSection
	GlobalSection(ExtensibilityGlobals) = postSolution
		SolutionGuid = {F88267C7-35FB-4138-893C-97194FBB3C8A}
	EndGlobalSection
EndGlobal
